{
    "_readme": [
        "This file locks the dependencies of your project to a known state",
        "Read more about it at https://getcomposer.org/doc/01-basic-usage.md#composer-lock-the-lock-file",
        "This file is @generated automatically"
    ],
    "content-hash": "fb89f714b4def4d8fdcc8140485d0f72",
    "packages": [
        {
            "name": "ircmaxell/ffime",
            "version": "dev-master",
            "source": {
                "type": "git",
                "url": "https://github.com/ircmaxell/FFIMe.git",
                "reference": "404e922aecdbef3e0f33bf00bf9bf9cb9ca0502a"
            },
            "dist": {
                "type": "zip",
                "url": "https://api.github.com/repos/ircmaxell/FFIMe/zipball/404e922aecdbef3e0f33bf00bf9bf9cb9ca0502a",
                "reference": "404e922aecdbef3e0f33bf00bf9bf9cb9ca0502a",
                "shasum": ""
            },
            "type": "library",
            "autoload": {
                "psr-4": {
                    "FFIMe\\": "lib/"
                }
            },
            "notification-url": "https://packagist.org/downloads/",
            "license": [
                "MIT"
            ],
            "authors": [
                {
                    "name": "Anthony Ferrara",
                    "email": "ircmaxell@gmail.com"
                }
            ],
            "description": "Make life easy when working with 7.4's FFI",
            "time": "2019-02-19 12:35:38"
        }
    ],
    "packages-dev": [],
    "aliases": [],
    "minimum-stability": "stable",
    "stability-flags": {
        "ircmaxell/ffime": 20
    },
    "prefer-stable": false,
    "prefer-lowest": false,
    "platform": [],
    "platform-dev": []
}
